<?xml version="1.0" encoding="utf-8"?>
<Project ToolsVersion="4.0" xmlns="http://schemas.microsoft.com/developer/msbuild/2003">
  <ItemGroup>
    <ClInclude Include="MessagePack.hpp">
      <Filter>Parsers</Filter>
    </ClInclude>
    <ClInclude Include="TypeDefs.hpp">
      <Filter>TypeUtils</Filter>
    </ClInclude>
    <ClInclude Include="Range.hpp">
      <Filter>TypeUtils</Filter>
    </ClInclude>
    <ClInclude Include="Maths.hpp">
      <Filter>TypeUtils</Filter>
    </ClInclude>
    <ClInclude Include="ByteUtils.hpp">
      <Filter>TypeUtils</Filter>
    </ClInclude>
    <ClInclude Include="Diagnostic.hpp">
      <Filter>DiagnosticTools</Filter>
    </ClInclude>
    <ClInclude Include="eLogSeverity.hpp">
      <Filter>Logger</Filter>
    </ClInclude>
    <ClInclude Include="ILogger.hpp">
      <Filter>Logger</Filter>
    </ClInclude>
    <ClInclude Include="Log.h">
      <Filter>Logger</Filter>
    </ClInclude>
    <ClInclude Include="Logger.h">
      <Filter>Logger</Filter>
    </ClInclude>
    <ClInclude Include="ThreadPool.h">
      <Filter>Threading</Filter>
    </ClInclude>
    <ClInclude Include="Common.h" />
    <ClInclude Include="DateTimeUtils.h">
      <Filter>DateTime</Filter>
    </ClInclude>
    <ClInclude Include="TCPConnection.h">
      <Filter>Network\Sockets</Filter>
    </ClInclude>
    <ClInclude Include="INetworkSender.h">
      <Filter>Network\Sockets</Filter>
    </ClInclude>
    <ClInclude Include="MacroUtils.hpp" />
    <ClInclude Include="UnitTest.hpp">
      <Filter>UnitTests\Framework</Filter>
    </ClInclude>
    <ClInclude Include="UnitTestsManager.h">
      <Filter>UnitTests\Framework</Filter>
    </ClInclude>
    <ClInclude Include="stdafx.h" />
    <ClInclude Include="GenericConnection.h">
      <Filter>Network\Protocol</Filter>
    </ClInclude>
    <ClInclude Include="NetworkPayload.h">
      <Filter>Network\Protocol</Filter>
    </ClInclude>
    <ClInclude Include="ReadBufferSize.hpp">
      <Filter>Network\Sockets</Filter>
    </ClInclude>
    <ClInclude Include="Commands.hpp">
      <Filter>CommandSystem</Filter>
    </ClInclude>
    <ClInclude Include="Command.h">
      <Filter>CommandSystem</Filter>
    </ClInclude>
    <ClInclude Include="CommandsManager.h">
      <Filter>CommandSystem</Filter>
    </ClInclude>
    <ClInclude Include="ObjectsFactory.hpp">
      <Filter>StructureUtils</Filter>
    </ClInclude>
    <ClInclude Include="TCPServer.h">
      <Filter>Network\Sockets</Filter>
    </ClInclude>
    <ClInclude Include="Database.hpp">
      <Filter>DatabaseAbstractionLayer</Filter>
    </ClInclude>
    <ClInclude Include="SQLPackagedResult.hpp">
      <Filter>DatabaseAbstractionLayer</Filter>
    </ClInclude>
    <ClInclude Include="SQLValue.hpp">
      <Filter>DatabaseAbstractionLayer</Filter>
    </ClInclude>
    <ClInclude Include="SQLQuery.h">
      <Filter>DatabaseAbstractionLayer</Filter>
    </ClInclude>
    <ClInclude Include="DllExportSymbolApi.hpp">
      <Filter>DllUtils</Filter>
    </ClInclude>
    <ClInclude Include="MemoryUtils.hpp">
      <Filter>TypeUtils</Filter>
    </ClInclude>
    <ClInclude Include="Uuid.h">
      <Filter>UUID</Filter>
    </ClInclude>
    <ClInclude Include="ApoapseErrorCodes.hpp">
      <Filter>Network\Protocol</Filter>
    </ClInclude>
    <ClInclude Include="LibraryLoader.hpp">
      <Filter>DllUtils</Filter>
    </ClInclude>
    <ClInclude Include="SecurityAlert.h">
      <Filter>Network\Protocol</Filter>
    </ClInclude>
    <ClInclude Include="Json.hpp">
      <Filter>Parsers</Filter>
    </ClInclude>
    <ClInclude Include="ProtectedByteContainer.h">
      <Filter>Cryptography</Filter>
    </ClInclude>
    <ClInclude Include="Hash.hpp">
      <Filter>Cryptography\Algorithms</Filter>
    </ClInclude>
    <ClInclude Include="RSA.hpp">
      <Filter>Cryptography\Algorithms</Filter>
    </ClInclude>
    <ClInclude Include="HMAC.hpp">
      <Filter>Cryptography\Algorithms</Filter>
    </ClInclude>
    <ClInclude Include="CryptographyTypes.hpp">
      <Filter>Cryptography\Algorithms</Filter>
    </ClInclude>
    <ClInclude Include="Username.h">
      <Filter>UserSystem</Filter>
    </ClInclude>
    <ClInclude Include="CmdError.h">
      <Filter>CommandSystem\Commands</Filter>
    </ClInclude>
    <ClInclude Include="AES.hpp">
      <Filter>Cryptography\Algorithms</Filter>
    </ClInclude>
    <ClInclude Include="Random.hpp">
      <Filter>Cryptography\Algorithms</Filter>
    </ClInclude>
    <ClInclude Include="Operation.h">
      <Filter>OperationSystem</Filter>
    </ClInclude>
    <ClInclude Include="AbstractUser.h">
      <Filter>UserSystem</Filter>
    </ClInclude>
    <ClInclude Include="GlobalVarDefines.hpp">
      <Filter>Network\Protocol</Filter>
    </ClInclude>
    <ClInclude Include="DatabaseIntegrityPatcher.h">
      <Filter>DatabaseAbstractionLayer</Filter>
    </ClInclude>
    <ClInclude Include="StringExtensions.h">
      <Filter>TypeUtils</Filter>
    </ClInclude>
    <ClInclude Include="SQLUtils.hpp">
      <Filter>DatabaseAbstractionLayer</Filter>
    </ClInclude>
    <ClInclude Include="ApoapseMetadata.h">
      <Filter>ApoapseSystems</Filter>
    </ClInclude>
    <ClInclude Include="FieldValidator.h">
      <Filter>CommandSystem</Filter>
    </ClInclude>
    <ClInclude Include="TLSCertificate.h">
      <Filter>Cryptography\TLS</Filter>
    </ClInclude>
    <ClInclude Include="DataStructures.hpp">
      <Filter>DataSystem</Filter>
    </ClInclude>
    <ClInclude Include="ApoapseData.h">
      <Filter>DataSystem</Filter>
    </ClInclude>
  </ItemGroup>
  <ItemGroup>
    <ClCompile Include="Log.cpp">
      <Filter>Logger</Filter>
    </ClCompile>
    <ClCompile Include="Logger.cpp">
      <Filter>Logger</Filter>
    </ClCompile>
    <ClCompile Include="ThreadPool.cpp">
      <Filter>Threading</Filter>
    </ClCompile>
    <ClCompile Include="Common.cpp" />
    <ClCompile Include="DateTimeUtils.cpp">
      <Filter>DateTime</Filter>
    </ClCompile>
    <ClCompile Include="TCPConnection.cpp">
      <Filter>Network\Sockets</Filter>
    </ClCompile>
    <ClCompile Include="UnitTestsManager.cpp">
      <Filter>UnitTests\Framework</Filter>
    </ClCompile>
    <ClCompile Include="GenericConnection.cpp">
      <Filter>Network\Protocol</Filter>
    </ClCompile>
    <ClCompile Include="NetworkPayload.cpp">
      <Filter>Network\Protocol</Filter>
    </ClCompile>
    <ClCompile Include="stdafx.cpp" />
    <ClCompile Include="Command.cpp">
      <Filter>CommandSystem</Filter>
    </ClCompile>
    <ClCompile Include="CommandsManager.cpp">
      <Filter>CommandSystem</Filter>
    </ClCompile>
    <ClCompile Include="UT_ByteUtils.cpp">
      <Filter>UnitTests\Tests</Filter>
    </ClCompile>
    <ClCompile Include="UT_DateTimeUtils.cpp">
      <Filter>UnitTests\Tests</Filter>
    </ClCompile>
    <ClCompile Include="UT_Maths.cpp">
      <Filter>UnitTests\Tests</Filter>
    </ClCompile>
    <ClCompile Include="UT_NetworkPayload.cpp">
      <Filter>UnitTests\Tests</Filter>
    </ClCompile>
    <ClCompile Include="UT_StringExtensions.cpp">
      <Filter>UnitTests\Tests</Filter>
    </ClCompile>
    <ClCompile Include="TCPServer.cpp">
      <Filter>Network\Sockets</Filter>
    </ClCompile>
    <ClCompile Include="SQLQuery.cpp">
      <Filter>DatabaseAbstractionLayer</Filter>
    </ClCompile>
    <ClCompile Include="Uuid.cpp">
      <Filter>UUID</Filter>
    </ClCompile>
    <ClCompile Include="UT_Uuid.cpp">
      <Filter>UnitTests\Tests</Filter>
    </ClCompile>
    <ClCompile Include="UT_MessagePack.cpp">
      <Filter>UnitTests\Tests</Filter>
    </ClCompile>
    <ClCompile Include="SecurityAlert.cpp">
      <Filter>Network\Protocol</Filter>
    </ClCompile>
    <ClCompile Include="UT_Range.cpp">
      <Filter>UnitTests\Tests</Filter>
    </ClCompile>
    <ClCompile Include="UT_CommandSystem.cpp">
      <Filter>UnitTests\Tests</Filter>
    </ClCompile>
    <ClCompile Include="CmdUnitTest.cpp">
      <Filter>CommandSystem\Commands</Filter>
    </ClCompile>
    <ClCompile Include="ProtectedByteContainer.cpp">
      <Filter>Cryptography</Filter>
    </ClCompile>
    <ClCompile Include="UT_ProtectedByteContainer.cpp">
      <Filter>UnitTests\Tests</Filter>
    </ClCompile>
    <ClCompile Include="UT_Cryptography.cpp">
      <Filter>UnitTests\Tests</Filter>
    </ClCompile>
    <ClCompile Include="Username.cpp">
      <Filter>UserSystem</Filter>
    </ClCompile>
    <ClCompile Include="CmdError.cpp">
      <Filter>CommandSystem\Commands</Filter>
    </ClCompile>
    <ClCompile Include="Operation.cpp">
      <Filter>OperationSystem</Filter>
    </ClCompile>
    <ClCompile Include="DatabaseIntegrityPatcher.cpp">
      <Filter>DatabaseAbstractionLayer</Filter>
    </ClCompile>
    <ClCompile Include="StringExtensions.cpp">
      <Filter>TypeUtils</Filter>
    </ClCompile>
    <ClCompile Include="ApoapseMetadata.cpp">
      <Filter>ApoapseSystems</Filter>
    </ClCompile>
    <ClCompile Include="FieldValidator.cpp">
      <Filter>CommandSystem</Filter>
    </ClCompile>
    <ClCompile Include="TLSCertificate.cpp">
      <Filter>Cryptography\TLS</Filter>
    </ClCompile>
  </ItemGroup>
  <ItemGroup>
    <Filter Include="Parsers">
      <UniqueIdentifier>{4da32983-8c1d-4e47-a72f-54e5da4e9bc3}</UniqueIdentifier>
    </Filter>
    <Filter Include="TypeUtils">
      <UniqueIdentifier>{e313c49f-3f2e-4a55-aa28-c2b5667fedcd}</UniqueIdentifier>
    </Filter>
    <Filter Include="DiagnosticTools">
      <UniqueIdentifier>{4c96d61d-e4cd-4271-8b29-d3107a3c136f}</UniqueIdentifier>
    </Filter>
    <Filter Include="Logger">
      <UniqueIdentifier>{4a100121-d694-4090-a2af-3eb57e16675f}</UniqueIdentifier>
    </Filter>
    <Filter Include="Threading">
      <UniqueIdentifier>{8d803c56-c6c8-4628-9d8b-ce6c7651e9fe}</UniqueIdentifier>
    </Filter>
    <Filter Include="DateTime">
      <UniqueIdentifier>{4415e023-9685-44aa-9db8-0b35575c6907}</UniqueIdentifier>
    </Filter>
    <Filter Include="Network">
      <UniqueIdentifier>{f7c5acc9-5a24-4658-808f-f3bf0ac5f973}</UniqueIdentifier>
    </Filter>
    <Filter Include="Network\Sockets">
      <UniqueIdentifier>{ecd98fab-723e-4540-aadc-ea76214efc3d}</UniqueIdentifier>
    </Filter>
    <Filter Include="UnitTests">
      <UniqueIdentifier>{03e370ef-ff23-4e9c-88be-88d3863be34d}</UniqueIdentifier>
    </Filter>
    <Filter Include="UnitTests\Framework">
      <UniqueIdentifier>{ee0a6f1e-c742-4511-ad5e-66c2b132eacf}</UniqueIdentifier>
    </Filter>
    <Filter Include="Network\Protocol">
      <UniqueIdentifier>{210d5d66-48f9-414b-9944-c173a5ab6c05}</UniqueIdentifier>
    </Filter>
    <Filter Include="UnitTests\Tests">
      <UniqueIdentifier>{6a6d2a8a-4647-4425-8770-54ee85b26344}</UniqueIdentifier>
    </Filter>
    <Filter Include="CommandSystem">
      <UniqueIdentifier>{cd27cce5-6f89-4375-a8d0-5468339ac4ce}</UniqueIdentifier>
    </Filter>
    <Filter Include="DllUtils">
      <UniqueIdentifier>{8f17086c-17e4-49b4-a5cb-291a1ace29f8}</UniqueIdentifier>
    </Filter>
    <Filter Include="StructureUtils">
      <UniqueIdentifier>{19bff446-e38d-4b3a-b883-cf15d1a7b5b0}</UniqueIdentifier>
    </Filter>
    <Filter Include="UUID">
      <UniqueIdentifier>{c19efa4d-99ed-44b8-bd06-12ac0d718d4a}</UniqueIdentifier>
    </Filter>
    <Filter Include="DatabaseAbstractionLayer">
      <UniqueIdentifier>{c218d407-5201-4351-8c72-7a03c70be57b}</UniqueIdentifier>
    </Filter>
    <Filter Include="CommandSystem\Commands">
      <UniqueIdentifier>{c5a3f0d5-3d91-4e71-854f-1c35fdadac45}</UniqueIdentifier>
    </Filter>
    <Filter Include="Cryptography">
      <UniqueIdentifier>{a6b3fcec-a6d1-482f-82f6-149aad456fd0}</UniqueIdentifier>
    </Filter>
    <Filter Include="Cryptography\Algorithms">
      <UniqueIdentifier>{8309ae43-42ae-4ebd-9b71-95b460bfe0ea}</UniqueIdentifier>
    </Filter>
    <Filter Include="OperationSystem">
      <UniqueIdentifier>{7c365284-72ae-4b5b-9966-01d1a4efb2e4}</UniqueIdentifier>
    </Filter>
    <Filter Include="UserSystem">
      <UniqueIdentifier>{c14b3976-2e18-4ab4-a312-fc215ab57c61}</UniqueIdentifier>
    </Filter>
    <Filter Include="ApoapseSystems">
      <UniqueIdentifier>{4a465be0-0c08-4963-bab8-e67937c69908}</UniqueIdentifier>
    </Filter>
    <Filter Include="Cryptography\TLS">
      <UniqueIdentifier>{3d559e0a-46e5-4ffa-b61c-f6bd9a9b081b}</UniqueIdentifier>
    </Filter>
    <Filter Include="DataSystem">
      <UniqueIdentifier>{eb1c04b1-22ca-4f71-9ef5-baa518d4c581}</UniqueIdentifier>
    </Filter>
  </ItemGroup>
</Project>